
Microsoft Visual Studio Solution File, Format Version 12.00
# Visual Studio Version 17
VisualStudioVersion = 17.1.32328.378
MinimumVisualStudioVersion = 10.0.40219.1
Project("{FAE04EC0-301F-11D3-BF4B-00C04F79EFBC}") = "TestAutomationProjectCSharp", "TestAutomationProjectCSharp\TestAutomationProjectCSharp.csproj", "{77110ABA-9EA3-4357-A120-DB942AA2FF98}"
EndProject
Global
	GlobalSection(SolutionConfigurationPlatforms) = preSolution
		Debug|Any CPU = Debug|Any CPU
		Release|Any CPU = Release|Any CPU
	EndGlobalSection
	GlobalSection(ProjectConfigurationPlatforms) = postSolution
		{77110ABA-9EA3-4357-A120-DB942AA2FF98}.Debug|Any CPU.ActiveCfg = Debug|Any CPU
		{77110ABA-9EA3-4357-A120-DB942AA2FF98}.Debug|Any CPU.Build.0 = Debug|Any CPU
		{77110ABA-9EA3-4357-A120-DB942AA2FF98}.Release|Any CPU.ActiveCfg = Release|Any CPU
		{77110ABA-9EA3-4357-A120-DB942AA2FF98}.Release|Any CPU.Build.0 = Release|Any CPU
	EndGlobalSection
	GlobalSection(SolutionProperties) = preSolution
		HideSolutionNode = FALSE
	EndGlobalSection
	GlobalSection(ExtensibilityGlobals) = postSolution
		SolutionGuid = {B48FD9B2-BB62-4F02-80DB-3D22A67F04F9}
	EndGlobalSection
EndGlobal
